{
  "name": "miniprogram",
  "version": "1.0.0",
  "lockfileVersion": 1,
  "requires": true,
  "dependencies": {
    "@vant/weapp": {
      "version": "1.10.3",
      "resolved": "https://registry.npmmirror.com/@vant/weapp/-/weapp-1.10.3.tgz",
      "integrity": "sha512-CcG5umI+zlJRN6hQXPeknOenPkVm6WBEgBaB6Y94kOmKLx9NHtHBdURwxuJEA4q4mxhUdOuf6sV7I8tZBnCVxw=="
    },
    "dayjs": {
      "version": "1.11.3",
      "resolved": "https://registry.npmmirror.com/dayjs/-/dayjs-1.11.3.tgz",
      "integrity": "sha512-xxwlswWOlGhzgQ4TKzASQkUhqERI3egRNqgV4ScR8wlANA/A9tZ7miXa44vTTKEq5l7vWoL5G57bG3zA+Kow0A=="
    },
    "lodash.get": {
      "version": "4.4.2",
      "resolved": "https://registry.npmmirror.com/lodash.get/-/lodash.get-4.4.2.tgz",
      "integrity": "sha512-z+Uw/vLuy6gQe8cfaFWD7p0wVv8fJl3mbzXh33RS+0oW2wvUqiRXiQ69gLWSLpgB5/6sU+r6BlQR0MBILadqTQ=="
    }
  }
}
